
Microsoft Visual Studio Solution File, Format Version 11.00
# Visual Studio 2010
Project("{8BC9CEB8-8B4A-11D0-8D11-00A0C91BC942}") = "Intrinsics", "Intrinsics\Intrinsics.vcxproj", "{8122ED4B-272D-4A77-B0E4-648160277C04}"
EndProject
Project("{8BC9CEB8-8B4A-11D0-8D11-00A0C91BC942}") = "Kernel", "Kernel\Kernel.vcxproj", "{AA0B667B-4825-4B7B-92A2-E8AFC9DEF106}"
EndProject
Project("{8BC9CEB8-8B4A-11D0-8D11-00A0C91BC942}") = "Crt", "Crt\Crt.vcxproj", "{E66E96B3-A1FD-4026-9266-A175627ADFEC}"
EndProject
Global
	GlobalSection(SolutionConfigurationPlatforms) = preSolution
		Debug|Win32 = Debug|Win32
		Release|Win32 = Release|Win32
	EndGlobalSection
	GlobalSection(ProjectConfigurationPlatforms) = postSolution
		{8122ED4B-272D-4A77-B0E4-648160277C04}.Debug|Win32.ActiveCfg = Debug|Win32
		{8122ED4B-272D-4A77-B0E4-648160277C04}.Debug|Win32.Build.0 = Debug|Win32
		{8122ED4B-272D-4A77-B0E4-648160277C04}.Release|Win32.ActiveCfg = Release|Win32
		{8122ED4B-272D-4A77-B0E4-648160277C04}.Release|Win32.Build.0 = Release|Win32
		{AA0B667B-4825-4B7B-92A2-E8AFC9DEF106}.Debug|Win32.ActiveCfg = Debug|Win32
		{AA0B667B-4825-4B7B-92A2-E8AFC9DEF106}.Debug|Win32.Build.0 = Debug|Win32
		{AA0B667B-4825-4B7B-92A2-E8AFC9DEF106}.Release|Win32.ActiveCfg = Release|Win32
		{AA0B667B-4825-4B7B-92A2-E8AFC9DEF106}.Release|Win32.Build.0 = Release|Win32
		{E66E96B3-A1FD-4026-9266-A175627ADFEC}.Debug|Win32.ActiveCfg = Debug|Win32
		{E66E96B3-A1FD-4026-9266-A175627ADFEC}.Debug|Win32.Build.0 = Debug|Win32
		{E66E96B3-A1FD-4026-9266-A175627ADFEC}.Release|Win32.ActiveCfg = Release|Win32
		{E66E96B3-A1FD-4026-9266-A175627ADFEC}.Release|Win32.Build.0 = Release|Win32
	EndGlobalSection
	GlobalSection(SolutionProperties) = preSolution
		HideSolutionNode = FALSE
	EndGlobalSection
EndGlobal
