
Microsoft Visual Studio Solution File, Format Version 11.00
# Visual Studio 2010
Project("{FAE04EC0-301F-11D3-BF4B-00C04F79EFBC}") = "ImageWriter", "ImageWriter\ImageWriter.csproj", "{FFD2F256-EF72-44D0-B4CF-8151A1E43B74}"
EndProject
Project("{2150E333-8FDC-42A3-9474-1A3956D46DE8}") = "Solution Items", "Solution Items", "{DA09C5B9-83E8-41BC-8839-8BE54AC344D7}"
	ProjectSection(SolutionItems) = preProject
		ImageWriter.vsmdi = ImageWriter.vsmdi
		Local.testsettings = Local.testsettings
		TraceAndTestImpact.testsettings = TraceAndTestImpact.testsettings
	EndProjectSection
EndProject
Project("{FAE04EC0-301F-11D3-BF4B-00C04F79EFBC}") = "ImageWriter.UnitTests", "ImageWriter.UnitTests\ImageWriter.UnitTests.csproj", "{4D75EE18-6A64-4E2D-9183-85C26EEC35C0}"
EndProject
Global
	GlobalSection(TestCaseManagementSettings) = postSolution
		CategoryFile = ImageWriter.vsmdi
	EndGlobalSection
	GlobalSection(SolutionConfigurationPlatforms) = preSolution
		Debug|Any CPU = Debug|Any CPU
		Debug|Mixed Platforms = Debug|Mixed Platforms
		Debug|x86 = Debug|x86
		Release|Any CPU = Release|Any CPU
		Release|Mixed Platforms = Release|Mixed Platforms
		Release|x86 = Release|x86
	EndGlobalSection
	GlobalSection(ProjectConfigurationPlatforms) = postSolution
		{FFD2F256-EF72-44D0-B4CF-8151A1E43B74}.Debug|Any CPU.ActiveCfg = Debug|x86
		{FFD2F256-EF72-44D0-B4CF-8151A1E43B74}.Debug|Mixed Platforms.ActiveCfg = Debug|x86
		{FFD2F256-EF72-44D0-B4CF-8151A1E43B74}.Debug|Mixed Platforms.Build.0 = Debug|x86
		{FFD2F256-EF72-44D0-B4CF-8151A1E43B74}.Debug|x86.ActiveCfg = Debug|x86
		{FFD2F256-EF72-44D0-B4CF-8151A1E43B74}.Debug|x86.Build.0 = Debug|x86
		{FFD2F256-EF72-44D0-B4CF-8151A1E43B74}.Release|Any CPU.ActiveCfg = Release|x86
		{FFD2F256-EF72-44D0-B4CF-8151A1E43B74}.Release|Mixed Platforms.ActiveCfg = Release|x86
		{FFD2F256-EF72-44D0-B4CF-8151A1E43B74}.Release|Mixed Platforms.Build.0 = Release|x86
		{FFD2F256-EF72-44D0-B4CF-8151A1E43B74}.Release|x86.ActiveCfg = Release|x86
		{FFD2F256-EF72-44D0-B4CF-8151A1E43B74}.Release|x86.Build.0 = Release|x86
		{4D75EE18-6A64-4E2D-9183-85C26EEC35C0}.Debug|Any CPU.ActiveCfg = Debug|Any CPU
		{4D75EE18-6A64-4E2D-9183-85C26EEC35C0}.Debug|Any CPU.Build.0 = Debug|Any CPU
		{4D75EE18-6A64-4E2D-9183-85C26EEC35C0}.Debug|Mixed Platforms.ActiveCfg = Debug|Any CPU
		{4D75EE18-6A64-4E2D-9183-85C26EEC35C0}.Debug|Mixed Platforms.Build.0 = Debug|Any CPU
		{4D75EE18-6A64-4E2D-9183-85C26EEC35C0}.Debug|x86.ActiveCfg = Debug|Any CPU
		{4D75EE18-6A64-4E2D-9183-85C26EEC35C0}.Release|Any CPU.ActiveCfg = Release|Any CPU
		{4D75EE18-6A64-4E2D-9183-85C26EEC35C0}.Release|Any CPU.Build.0 = Release|Any CPU
		{4D75EE18-6A64-4E2D-9183-85C26EEC35C0}.Release|Mixed Platforms.ActiveCfg = Release|Any CPU
		{4D75EE18-6A64-4E2D-9183-85C26EEC35C0}.Release|Mixed Platforms.Build.0 = Release|Any CPU
		{4D75EE18-6A64-4E2D-9183-85C26EEC35C0}.Release|x86.ActiveCfg = Release|Any CPU
	EndGlobalSection
	GlobalSection(SolutionProperties) = preSolution
		HideSolutionNode = FALSE
	EndGlobalSection
EndGlobal
